
Microsoft Visual Studio Solution File, Format Version 12.00
# Visual Studio Version 16
VisualStudioVersion = 16.0.30225.117
MinimumVisualStudioVersion = 10.0.40219.1
Project("{9A19103F-16F7-4668-BE54-9A1E7A4F7556}") = "Lab_01_hello_world", "Lab_01_hello_world\Lab_01_hello_world.csproj", "{A0D8055F-68C5-48B9-8764-CA2FB3DB0367}"
EndProject
Project("{FAE04EC0-301F-11D3-BF4B-00C04F79EFBC}") = "lab_02_framework", "lab_02_framework\lab_02_framework.csproj", "{CE91D845-3075-40A7-9C41-033D7F777D16}"
EndProject
Project("{9A19103F-16F7-4668-BE54-9A1E7A4F7556}") = "lab_03_dot_net_core_hello_world", "lab_03_dot_net_core_hello_world\lab_03_dot_net_core_hello_world.csproj", "{7CC71252-B8F3-4D6C-B64B-67EA379601C7}"
EndProject
Project("{FAE04EC0-301F-11D3-BF4B-00C04F79EFBC}") = "lab_04_wpf_core", "lab_04_wpf_core\lab_04_wpf_core.csproj", "{012CCE28-FCDB-4A56-B159-C90F22655290}"
EndProject
Project("{9A19103F-16F7-4668-BE54-9A1E7A4F7556}") = "lab_05_asp", "lab_05_asp\lab_05_asp.csproj", "{DC1DFD4F-75A9-4237-A58B-86C13A93DE68}"
EndProject
Project("{9A19103F-16F7-4668-BE54-9A1E7A4F7556}") = "lab_06_mvc", "lab_06_mvc\lab_06_mvc.csproj", "{3B9605CF-D61F-49FC-998C-6D6FAF4299A5}"
EndProject
Global
	GlobalSection(SolutionConfigurationPlatforms) = preSolution
		Debug|Any CPU = Debug|Any CPU
		Release|Any CPU = Release|Any CPU
	EndGlobalSection
	GlobalSection(ProjectConfigurationPlatforms) = postSolution
		{A0D8055F-68C5-48B9-8764-CA2FB3DB0367}.Debug|Any CPU.ActiveCfg = Debug|Any CPU
		{A0D8055F-68C5-48B9-8764-CA2FB3DB0367}.Debug|Any CPU.Build.0 = Debug|Any CPU
		{A0D8055F-68C5-48B9-8764-CA2FB3DB0367}.Release|Any CPU.ActiveCfg = Release|Any CPU
		{A0D8055F-68C5-48B9-8764-CA2FB3DB0367}.Release|Any CPU.Build.0 = Release|Any CPU
		{CE91D845-3075-40A7-9C41-033D7F777D16}.Debug|Any CPU.ActiveCfg = Debug|Any CPU
		{CE91D845-3075-40A7-9C41-033D7F777D16}.Debug|Any CPU.Build.0 = Debug|Any CPU
		{CE91D845-3075-40A7-9C41-033D7F777D16}.Release|Any CPU.ActiveCfg = Release|Any CPU
		{CE91D845-3075-40A7-9C41-033D7F777D16}.Release|Any CPU.Build.0 = Release|Any CPU
		{7CC71252-B8F3-4D6C-B64B-67EA379601C7}.Debug|Any CPU.ActiveCfg = Debug|Any CPU
		{7CC71252-B8F3-4D6C-B64B-67EA379601C7}.Debug|Any CPU.Build.0 = Debug|Any CPU
		{7CC71252-B8F3-4D6C-B64B-67EA379601C7}.Release|Any CPU.ActiveCfg = Release|Any CPU
		{7CC71252-B8F3-4D6C-B64B-67EA379601C7}.Release|Any CPU.Build.0 = Release|Any CPU
		{012CCE28-FCDB-4A56-B159-C90F22655290}.Debug|Any CPU.ActiveCfg = Debug|Any CPU
		{012CCE28-FCDB-4A56-B159-C90F22655290}.Debug|Any CPU.Build.0 = Debug|Any CPU
		{012CCE28-FCDB-4A56-B159-C90F22655290}.Release|Any CPU.ActiveCfg = Release|Any CPU
		{012CCE28-FCDB-4A56-B159-C90F22655290}.Release|Any CPU.Build.0 = Release|Any CPU
		{DC1DFD4F-75A9-4237-A58B-86C13A93DE68}.Debug|Any CPU.ActiveCfg = Debug|Any CPU
		{DC1DFD4F-75A9-4237-A58B-86C13A93DE68}.Debug|Any CPU.Build.0 = Debug|Any CPU
		{DC1DFD4F-75A9-4237-A58B-86C13A93DE68}.Release|Any CPU.ActiveCfg = Release|Any CPU
		{DC1DFD4F-75A9-4237-A58B-86C13A93DE68}.Release|Any CPU.Build.0 = Release|Any CPU
		{3B9605CF-D61F-49FC-998C-6D6FAF4299A5}.Debug|Any CPU.ActiveCfg = Debug|Any CPU
		{3B9605CF-D61F-49FC-998C-6D6FAF4299A5}.Debug|Any CPU.Build.0 = Debug|Any CPU
		{3B9605CF-D61F-49FC-998C-6D6FAF4299A5}.Release|Any CPU.ActiveCfg = Release|Any CPU
		{3B9605CF-D61F-49FC-998C-6D6FAF4299A5}.Release|Any CPU.Build.0 = Release|Any CPU
	EndGlobalSection
	GlobalSection(SolutionProperties) = preSolution
		HideSolutionNode = FALSE
	EndGlobalSection
	GlobalSection(ExtensibilityGlobals) = postSolution
		SolutionGuid = {36C54603-9AEC-46C3-80BF-F5700A64E735}
	EndGlobalSection
EndGlobal
