
Microsoft Visual Studio Solution File, Format Version 12.00
# Visual Studio Version 16
VisualStudioVersion = 16.0.30225.117
MinimumVisualStudioVersion = 10.0.40219.1
Project("{9A19103F-16F7-4668-BE54-9A1E7A4F7556}") = "Lab_01_hello_world", "Lab_01_hello_world\Lab_01_hello_world.csproj", "{A0D8055F-68C5-48B9-8764-CA2FB3DB0367}"
EndProject
Project("{FAE04EC0-301F-11D3-BF4B-00C04F79EFBC}") = "lab_02_framework", "lab_02_framework\lab_02_framework.csproj", "{CE91D845-3075-40A7-9C41-033D7F777D16}"
EndProject
Project("{9A19103F-16F7-4668-BE54-9A1E7A4F7556}") = "lab_03_dot_net_core_hello_world", "lab_03_dot_net_core_hello_world\lab_03_dot_net_core_hello_world.csproj", "{7CC71252-B8F3-4D6C-B64B-67EA379601C7}"
EndProject
Project("{9A19103F-16F7-4668-BE54-9A1E7A4F7556}") = "lab_04_wpf_core", "lab_04_wpf_core\lab_04_wpf_core.csproj", "{012CCE28-FCDB-4A56-B159-C90F22655290}"
EndProject
Project("{9A19103F-16F7-4668-BE54-9A1E7A4F7556}") = "lab_05_asp", "lab_05_asp\lab_05_asp.csproj", "{DC1DFD4F-75A9-4237-A58B-86C13A93DE68}"
EndProject
Project("{9A19103F-16F7-4668-BE54-9A1E7A4F7556}") = "lab_06_mvc", "lab_06_mvc\lab_06_mvc.csproj", "{3B9605CF-D61F-49FC-998C-6D6FAF4299A5}"
EndProject
Project("{9A19103F-16F7-4668-BE54-9A1E7A4F7556}") = "calculator-homework", "calculator-homework\calculator-homework.csproj", "{F797DB4E-2C91-4D4D-A64A-C05647299B16}"
EndProject
Project("{9A19103F-16F7-4668-BE54-9A1E7A4F7556}") = "lab_09_logging", "lab_09_logging\lab_09_logging.csproj", "{7D96FECA-1B62-41B7-B930-EFF3568F76E2}"
EndProject
Project("{9A19103F-16F7-4668-BE54-9A1E7A4F7556}") = "lab_10_data_types", "lab_10_data_types\lab_10_data_types.csproj", "{6600EF6C-9717-4CCD-A5EA-42132E852736}"
EndProject
Project("{FAE04EC0-301F-11D3-BF4B-00C04F79EFBC}") = "lab_11_microsoft_word", "lab_11_microsoft_word\lab_11_microsoft_word.csproj", "{966C5EE6-62F4-4284-8DAB-7943FEB7F455}"
EndProject
Project("{FAE04EC0-301F-11D3-BF4B-00C04F79EFBC}") = "lab_12_big_button", "lab_12_big_button\lab_12_big_button.csproj", "{72783532-5A59-4FF8-A22A-8B1914FD9E34}"
EndProject
Project("{9A19103F-16F7-4668-BE54-9A1E7A4F7556}") = "lab_13_operators", "lab_13_operators\lab_13_operators.csproj", "{A222A86C-D285-43E1-A8E7-72070E4592F2}"
EndProject
Project("{9A19103F-16F7-4668-BE54-9A1E7A4F7556}") = "lab_14_methods", "lab_14_methods\lab_14_methods.csproj", "{4D105659-DC13-4113-B0E7-4FF09CE61FD2}"
EndProject
Project("{9A19103F-16F7-4668-BE54-9A1E7A4F7556}") = "lab_15_unit_testing", "lab_15_unit_testing\lab_15_unit_testing.csproj", "{3EFA8BC7-E57F-4483-99A0-FD23A341292D}"
EndProject
Project("{9A19103F-16F7-4668-BE54-9A1E7A4F7556}") = "lab_16_uni_tests_for_labs", "lab_16_uni_tests_for_lab_15\lab_16_uni_tests_for_labs.csproj", "{1812F872-30A7-4CB9-8651-B1E659CFAFB5}"
EndProject
Project("{9A19103F-16F7-4668-BE54-9A1E7A4F7556}") = "lab_17_selection", "lab_17_selection\lab_17_selection.csproj", "{025FE420-C319-40A0-AFCE-18B51F7E0068}"
EndProject
Project("{9A19103F-16F7-4668-BE54-9A1E7A4F7556}") = "lab_18_string_arrays", "lab_18_string_arrays\lab_18_string_arrays.csproj", "{B9B4AA41-DD67-4B4F-BA6E-F32A265357A9}"
EndProject
Project("{9A19103F-16F7-4668-BE54-9A1E7A4F7556}") = "lab_19_iterations", "lab_19_iterations\lab_19_iterations.csproj", "{FA156593-9DEE-4929-8096-F51B6D07B500}"
EndProject
Project("{9A19103F-16F7-4668-BE54-9A1E7A4F7556}") = "lab_20_data_types_2", "lab_20_data_types_2\lab_20_data_types_2.csproj", "{C77318DC-354B-4ED7-B0CF-BCB48F46341F}"
EndProject
Project("{9A19103F-16F7-4668-BE54-9A1E7A4F7556}") = "lab_21_exceptions", "lab_21_exceptions\lab_21_exceptions.csproj", "{165F57DC-83D1-47CC-AD2F-C2D571A11F30}"
EndProject
Project("{9A19103F-16F7-4668-BE54-9A1E7A4F7556}") = "lab_22_collections", "lab_22_collections\lab_22_collections.csproj", "{B91AF435-FABD-4E56-BA71-92C2D9E82651}"
EndProject
Project("{FAE04EC0-301F-11D3-BF4B-00C04F79EFBC}") = "lab_23b_api_demo", "lab_23_api_demo\lab_23b_api_demo.csproj", "{57F7DB82-777C-482B-AEC4-155B186EC556}"
EndProject
Project("{FAE04EC0-301F-11D3-BF4B-00C04F79EFBC}") = "lab_24_core_api_demo", "lab_24_core_api_demo\lab_24_core_api_demo.csproj", "{2DCB5333-8E2A-4B45-8104-2F6A863577CC}"
EndProject
Project("{FAE04EC0-301F-11D3-BF4B-00C04F79EFBC}") = "lab_25_cats_api", "lab_25_cats_api\lab_25_cats_api.csproj", "{F12580AF-F8DD-4696-9D61-6102F617CA0A}"
EndProject
Global
	GlobalSection(SolutionConfigurationPlatforms) = preSolution
		Debug|Any CPU = Debug|Any CPU
		Release|Any CPU = Release|Any CPU
	EndGlobalSection
	GlobalSection(ProjectConfigurationPlatforms) = postSolution
		{A0D8055F-68C5-48B9-8764-CA2FB3DB0367}.Debug|Any CPU.ActiveCfg = Debug|Any CPU
		{A0D8055F-68C5-48B9-8764-CA2FB3DB0367}.Debug|Any CPU.Build.0 = Debug|Any CPU
		{A0D8055F-68C5-48B9-8764-CA2FB3DB0367}.Release|Any CPU.ActiveCfg = Release|Any CPU
		{A0D8055F-68C5-48B9-8764-CA2FB3DB0367}.Release|Any CPU.Build.0 = Release|Any CPU
		{CE91D845-3075-40A7-9C41-033D7F777D16}.Debug|Any CPU.ActiveCfg = Debug|Any CPU
		{CE91D845-3075-40A7-9C41-033D7F777D16}.Debug|Any CPU.Build.0 = Debug|Any CPU
		{CE91D845-3075-40A7-9C41-033D7F777D16}.Release|Any CPU.ActiveCfg = Release|Any CPU
		{CE91D845-3075-40A7-9C41-033D7F777D16}.Release|Any CPU.Build.0 = Release|Any CPU
		{7CC71252-B8F3-4D6C-B64B-67EA379601C7}.Debug|Any CPU.ActiveCfg = Debug|Any CPU
		{7CC71252-B8F3-4D6C-B64B-67EA379601C7}.Debug|Any CPU.Build.0 = Debug|Any CPU
		{7CC71252-B8F3-4D6C-B64B-67EA379601C7}.Release|Any CPU.ActiveCfg = Release|Any CPU
		{7CC71252-B8F3-4D6C-B64B-67EA379601C7}.Release|Any CPU.Build.0 = Release|Any CPU
		{012CCE28-FCDB-4A56-B159-C90F22655290}.Debug|Any CPU.ActiveCfg = Debug|Any CPU
		{012CCE28-FCDB-4A56-B159-C90F22655290}.Debug|Any CPU.Build.0 = Debug|Any CPU
		{012CCE28-FCDB-4A56-B159-C90F22655290}.Release|Any CPU.ActiveCfg = Release|Any CPU
		{012CCE28-FCDB-4A56-B159-C90F22655290}.Release|Any CPU.Build.0 = Release|Any CPU
		{DC1DFD4F-75A9-4237-A58B-86C13A93DE68}.Debug|Any CPU.ActiveCfg = Debug|Any CPU
		{DC1DFD4F-75A9-4237-A58B-86C13A93DE68}.Debug|Any CPU.Build.0 = Debug|Any CPU
		{DC1DFD4F-75A9-4237-A58B-86C13A93DE68}.Release|Any CPU.ActiveCfg = Release|Any CPU
		{DC1DFD4F-75A9-4237-A58B-86C13A93DE68}.Release|Any CPU.Build.0 = Release|Any CPU
		{3B9605CF-D61F-49FC-998C-6D6FAF4299A5}.Debug|Any CPU.ActiveCfg = Debug|Any CPU
		{3B9605CF-D61F-49FC-998C-6D6FAF4299A5}.Debug|Any CPU.Build.0 = Debug|Any CPU
		{3B9605CF-D61F-49FC-998C-6D6FAF4299A5}.Release|Any CPU.ActiveCfg = Release|Any CPU
		{3B9605CF-D61F-49FC-998C-6D6FAF4299A5}.Release|Any CPU.Build.0 = Release|Any CPU
		{F797DB4E-2C91-4D4D-A64A-C05647299B16}.Debug|Any CPU.ActiveCfg = Debug|Any CPU
		{F797DB4E-2C91-4D4D-A64A-C05647299B16}.Debug|Any CPU.Build.0 = Debug|Any CPU
		{F797DB4E-2C91-4D4D-A64A-C05647299B16}.Release|Any CPU.ActiveCfg = Release|Any CPU
		{F797DB4E-2C91-4D4D-A64A-C05647299B16}.Release|Any CPU.Build.0 = Release|Any CPU
		{7D96FECA-1B62-41B7-B930-EFF3568F76E2}.Debug|Any CPU.ActiveCfg = Debug|Any CPU
		{7D96FECA-1B62-41B7-B930-EFF3568F76E2}.Debug|Any CPU.Build.0 = Debug|Any CPU
		{7D96FECA-1B62-41B7-B930-EFF3568F76E2}.Release|Any CPU.ActiveCfg = Release|Any CPU
		{7D96FECA-1B62-41B7-B930-EFF3568F76E2}.Release|Any CPU.Build.0 = Release|Any CPU
		{6600EF6C-9717-4CCD-A5EA-42132E852736}.Debug|Any CPU.ActiveCfg = Debug|Any CPU
		{6600EF6C-9717-4CCD-A5EA-42132E852736}.Debug|Any CPU.Build.0 = Debug|Any CPU
		{6600EF6C-9717-4CCD-A5EA-42132E852736}.Release|Any CPU.ActiveCfg = Release|Any CPU
		{6600EF6C-9717-4CCD-A5EA-42132E852736}.Release|Any CPU.Build.0 = Release|Any CPU
		{966C5EE6-62F4-4284-8DAB-7943FEB7F455}.Debug|Any CPU.ActiveCfg = Debug|Any CPU
		{966C5EE6-62F4-4284-8DAB-7943FEB7F455}.Debug|Any CPU.Build.0 = Debug|Any CPU
		{966C5EE6-62F4-4284-8DAB-7943FEB7F455}.Release|Any CPU.ActiveCfg = Release|Any CPU
		{966C5EE6-62F4-4284-8DAB-7943FEB7F455}.Release|Any CPU.Build.0 = Release|Any CPU
		{72783532-5A59-4FF8-A22A-8B1914FD9E34}.Debug|Any CPU.ActiveCfg = Debug|Any CPU
		{72783532-5A59-4FF8-A22A-8B1914FD9E34}.Debug|Any CPU.Build.0 = Debug|Any CPU
		{72783532-5A59-4FF8-A22A-8B1914FD9E34}.Release|Any CPU.ActiveCfg = Release|Any CPU
		{72783532-5A59-4FF8-A22A-8B1914FD9E34}.Release|Any CPU.Build.0 = Release|Any CPU
		{A222A86C-D285-43E1-A8E7-72070E4592F2}.Debug|Any CPU.ActiveCfg = Debug|Any CPU
		{A222A86C-D285-43E1-A8E7-72070E4592F2}.Debug|Any CPU.Build.0 = Debug|Any CPU
		{A222A86C-D285-43E1-A8E7-72070E4592F2}.Release|Any CPU.ActiveCfg = Release|Any CPU
		{A222A86C-D285-43E1-A8E7-72070E4592F2}.Release|Any CPU.Build.0 = Release|Any CPU
		{4D105659-DC13-4113-B0E7-4FF09CE61FD2}.Debug|Any CPU.ActiveCfg = Debug|Any CPU
		{4D105659-DC13-4113-B0E7-4FF09CE61FD2}.Debug|Any CPU.Build.0 = Debug|Any CPU
		{4D105659-DC13-4113-B0E7-4FF09CE61FD2}.Release|Any CPU.ActiveCfg = Release|Any CPU
		{4D105659-DC13-4113-B0E7-4FF09CE61FD2}.Release|Any CPU.Build.0 = Release|Any CPU
		{3EFA8BC7-E57F-4483-99A0-FD23A341292D}.Debug|Any CPU.ActiveCfg = Debug|Any CPU
		{3EFA8BC7-E57F-4483-99A0-FD23A341292D}.Debug|Any CPU.Build.0 = Debug|Any CPU
		{3EFA8BC7-E57F-4483-99A0-FD23A341292D}.Release|Any CPU.ActiveCfg = Release|Any CPU
		{3EFA8BC7-E57F-4483-99A0-FD23A341292D}.Release|Any CPU.Build.0 = Release|Any CPU
		{1812F872-30A7-4CB9-8651-B1E659CFAFB5}.Debug|Any CPU.ActiveCfg = Debug|Any CPU
		{1812F872-30A7-4CB9-8651-B1E659CFAFB5}.Debug|Any CPU.Build.0 = Debug|Any CPU
		{1812F872-30A7-4CB9-8651-B1E659CFAFB5}.Release|Any CPU.ActiveCfg = Release|Any CPU
		{1812F872-30A7-4CB9-8651-B1E659CFAFB5}.Release|Any CPU.Build.0 = Release|Any CPU
		{025FE420-C319-40A0-AFCE-18B51F7E0068}.Debug|Any CPU.ActiveCfg = Debug|Any CPU
		{025FE420-C319-40A0-AFCE-18B51F7E0068}.Debug|Any CPU.Build.0 = Debug|Any CPU
		{025FE420-C319-40A0-AFCE-18B51F7E0068}.Release|Any CPU.ActiveCfg = Release|Any CPU
		{025FE420-C319-40A0-AFCE-18B51F7E0068}.Release|Any CPU.Build.0 = Release|Any CPU
		{B9B4AA41-DD67-4B4F-BA6E-F32A265357A9}.Debug|Any CPU.ActiveCfg = Debug|Any CPU
		{B9B4AA41-DD67-4B4F-BA6E-F32A265357A9}.Debug|Any CPU.Build.0 = Debug|Any CPU
		{B9B4AA41-DD67-4B4F-BA6E-F32A265357A9}.Release|Any CPU.ActiveCfg = Release|Any CPU
		{B9B4AA41-DD67-4B4F-BA6E-F32A265357A9}.Release|Any CPU.Build.0 = Release|Any CPU
		{FA156593-9DEE-4929-8096-F51B6D07B500}.Debug|Any CPU.ActiveCfg = Debug|Any CPU
		{FA156593-9DEE-4929-8096-F51B6D07B500}.Debug|Any CPU.Build.0 = Debug|Any CPU
		{FA156593-9DEE-4929-8096-F51B6D07B500}.Release|Any CPU.ActiveCfg = Release|Any CPU
		{FA156593-9DEE-4929-8096-F51B6D07B500}.Release|Any CPU.Build.0 = Release|Any CPU
		{C77318DC-354B-4ED7-B0CF-BCB48F46341F}.Debug|Any CPU.ActiveCfg = Debug|Any CPU
		{C77318DC-354B-4ED7-B0CF-BCB48F46341F}.Debug|Any CPU.Build.0 = Debug|Any CPU
		{C77318DC-354B-4ED7-B0CF-BCB48F46341F}.Release|Any CPU.ActiveCfg = Release|Any CPU
		{C77318DC-354B-4ED7-B0CF-BCB48F46341F}.Release|Any CPU.Build.0 = Release|Any CPU
		{165F57DC-83D1-47CC-AD2F-C2D571A11F30}.Debug|Any CPU.ActiveCfg = Debug|Any CPU
		{165F57DC-83D1-47CC-AD2F-C2D571A11F30}.Debug|Any CPU.Build.0 = Debug|Any CPU
		{165F57DC-83D1-47CC-AD2F-C2D571A11F30}.Release|Any CPU.ActiveCfg = Release|Any CPU
		{165F57DC-83D1-47CC-AD2F-C2D571A11F30}.Release|Any CPU.Build.0 = Release|Any CPU
		{B91AF435-FABD-4E56-BA71-92C2D9E82651}.Debug|Any CPU.ActiveCfg = Debug|Any CPU
		{B91AF435-FABD-4E56-BA71-92C2D9E82651}.Debug|Any CPU.Build.0 = Debug|Any CPU
		{B91AF435-FABD-4E56-BA71-92C2D9E82651}.Release|Any CPU.ActiveCfg = Release|Any CPU
		{B91AF435-FABD-4E56-BA71-92C2D9E82651}.Release|Any CPU.Build.0 = Release|Any CPU
		{57F7DB82-777C-482B-AEC4-155B186EC556}.Debug|Any CPU.ActiveCfg = Debug|Any CPU
		{57F7DB82-777C-482B-AEC4-155B186EC556}.Debug|Any CPU.Build.0 = Debug|Any CPU
		{57F7DB82-777C-482B-AEC4-155B186EC556}.Release|Any CPU.ActiveCfg = Release|Any CPU
		{57F7DB82-777C-482B-AEC4-155B186EC556}.Release|Any CPU.Build.0 = Release|Any CPU
		{2DCB5333-8E2A-4B45-8104-2F6A863577CC}.Debug|Any CPU.ActiveCfg = Debug|Any CPU
		{2DCB5333-8E2A-4B45-8104-2F6A863577CC}.Debug|Any CPU.Build.0 = Debug|Any CPU
		{2DCB5333-8E2A-4B45-8104-2F6A863577CC}.Release|Any CPU.ActiveCfg = Release|Any CPU
		{2DCB5333-8E2A-4B45-8104-2F6A863577CC}.Release|Any CPU.Build.0 = Release|Any CPU
		{F12580AF-F8DD-4696-9D61-6102F617CA0A}.Debug|Any CPU.ActiveCfg = Debug|Any CPU
		{F12580AF-F8DD-4696-9D61-6102F617CA0A}.Debug|Any CPU.Build.0 = Debug|Any CPU
		{F12580AF-F8DD-4696-9D61-6102F617CA0A}.Release|Any CPU.ActiveCfg = Release|Any CPU
		{F12580AF-F8DD-4696-9D61-6102F617CA0A}.Release|Any CPU.Build.0 = Release|Any CPU
	EndGlobalSection
	GlobalSection(SolutionProperties) = preSolution
		HideSolutionNode = FALSE
	EndGlobalSection
	GlobalSection(ExtensibilityGlobals) = postSolution
		SolutionGuid = {36C54603-9AEC-46C3-80BF-F5700A64E735}
	EndGlobalSection
EndGlobal
