
Microsoft Visual Studio Solution File, Format Version 12.00
# Visual Studio Version 16
VisualStudioVersion = 16.0.30225.117
MinimumVisualStudioVersion = 10.0.40219.1
Project("{9A19103F-16F7-4668-BE54-9A1E7A4F7556}") = "Lab_01_hello_world", "Lab_01_hello_world\Lab_01_hello_world.csproj", "{A0D8055F-68C5-48B9-8764-CA2FB3DB0367}"
EndProject
Project("{FAE04EC0-301F-11D3-BF4B-00C04F79EFBC}") = "lab_02_framework", "lab_02_framework\lab_02_framework.csproj", "{CE91D845-3075-40A7-9C41-033D7F777D16}"
EndProject
Project("{9A19103F-16F7-4668-BE54-9A1E7A4F7556}") = "lab_03_dot_net_core_hello_world", "lab_03_dot_net_core_hello_world\lab_03_dot_net_core_hello_world.csproj", "{7CC71252-B8F3-4D6C-B64B-67EA379601C7}"
EndProject
Project("{9A19103F-16F7-4668-BE54-9A1E7A4F7556}") = "lab_04_wpf_core", "lab_04_wpf_core\lab_04_wpf_core.csproj", "{012CCE28-FCDB-4A56-B159-C90F22655290}"
EndProject
Project("{9A19103F-16F7-4668-BE54-9A1E7A4F7556}") = "lab_05_asp", "lab_05_asp\lab_05_asp.csproj", "{DC1DFD4F-75A9-4237-A58B-86C13A93DE68}"
EndProject
Project("{9A19103F-16F7-4668-BE54-9A1E7A4F7556}") = "lab_06_mvc", "lab_06_mvc\lab_06_mvc.csproj", "{3B9605CF-D61F-49FC-998C-6D6FAF4299A5}"
EndProject
Project("{9A19103F-16F7-4668-BE54-9A1E7A4F7556}") = "calculator-homework", "calculator-homework\calculator-homework.csproj", "{F797DB4E-2C91-4D4D-A64A-C05647299B16}"
EndProject
Project("{9A19103F-16F7-4668-BE54-9A1E7A4F7556}") = "lab_09_logging", "lab_09_logging\lab_09_logging.csproj", "{7D96FECA-1B62-41B7-B930-EFF3568F76E2}"
EndProject
Project("{9A19103F-16F7-4668-BE54-9A1E7A4F7556}") = "lab_10_data_types", "lab_10_data_types\lab_10_data_types.csproj", "{6600EF6C-9717-4CCD-A5EA-42132E852736}"
EndProject
Project("{FAE04EC0-301F-11D3-BF4B-00C04F79EFBC}") = "lab_11_microsoft_word", "lab_11_microsoft_word\lab_11_microsoft_word.csproj", "{966C5EE6-62F4-4284-8DAB-7943FEB7F455}"
EndProject
Project("{FAE04EC0-301F-11D3-BF4B-00C04F79EFBC}") = "lab_12_big_button", "lab_12_big_button\lab_12_big_button.csproj", "{72783532-5A59-4FF8-A22A-8B1914FD9E34}"
EndProject
Project("{9A19103F-16F7-4668-BE54-9A1E7A4F7556}") = "lab_13_operators", "lab_13_operators\lab_13_operators.csproj", "{A222A86C-D285-43E1-A8E7-72070E4592F2}"
EndProject
Project("{9A19103F-16F7-4668-BE54-9A1E7A4F7556}") = "lab_14_methods", "lab_14_methods\lab_14_methods.csproj", "{4D105659-DC13-4113-B0E7-4FF09CE61FD2}"
EndProject
Project("{9A19103F-16F7-4668-BE54-9A1E7A4F7556}") = "lab_15_unit_testing", "lab_15_unit_testing\lab_15_unit_testing.csproj", "{3EFA8BC7-E57F-4483-99A0-FD23A341292D}"
EndProject
Project("{9A19103F-16F7-4668-BE54-9A1E7A4F7556}") = "lab_16_uni_tests_for_labs", "lab_16_uni_tests_for_lab_15\lab_16_uni_tests_for_labs.csproj", "{1812F872-30A7-4CB9-8651-B1E659CFAFB5}"
EndProject
Project("{9A19103F-16F7-4668-BE54-9A1E7A4F7556}") = "lab_17_selection", "lab_17_selection\lab_17_selection.csproj", "{025FE420-C319-40A0-AFCE-18B51F7E0068}"
EndProject
Project("{9A19103F-16F7-4668-BE54-9A1E7A4F7556}") = "lab_18_string_arrays", "lab_18_string_arrays\lab_18_string_arrays.csproj", "{B9B4AA41-DD67-4B4F-BA6E-F32A265357A9}"
EndProject
Project("{9A19103F-16F7-4668-BE54-9A1E7A4F7556}") = "lab_19_iterations", "lab_19_iterations\lab_19_iterations.csproj", "{FA156593-9DEE-4929-8096-F51B6D07B500}"
EndProject
Project("{9A19103F-16F7-4668-BE54-9A1E7A4F7556}") = "lab_20_data_types_2", "lab_20_data_types_2\lab_20_data_types_2.csproj", "{C77318DC-354B-4ED7-B0CF-BCB48F46341F}"
EndProject
Project("{9A19103F-16F7-4668-BE54-9A1E7A4F7556}") = "lab_21_exceptions", "lab_21_exceptions\lab_21_exceptions.csproj", "{165F57DC-83D1-47CC-AD2F-C2D571A11F30}"
EndProject
Project("{9A19103F-16F7-4668-BE54-9A1E7A4F7556}") = "lab_22_collections", "lab_22_collections\lab_22_collections.csproj", "{B91AF435-FABD-4E56-BA71-92C2D9E82651}"
EndProject
Project("{FAE04EC0-301F-11D3-BF4B-00C04F79EFBC}") = "lab_23b_api_demo", "lab_23_api_demo\lab_23b_api_demo.csproj", "{57F7DB82-777C-482B-AEC4-155B186EC556}"
EndProject
Project("{9A19103F-16F7-4668-BE54-9A1E7A4F7556}") = "lab_24_core_api_demo", "lab_24_core_api_demo\lab_24_core_api_demo.csproj", "{2DCB5333-8E2A-4B45-8104-2F6A863577CC}"
EndProject
Project("{9A19103F-16F7-4668-BE54-9A1E7A4F7556}") = "lab_25_cats_api", "lab_25_cats_api\lab_25_cats_api.csproj", "{F12580AF-F8DD-4696-9D61-6102F617CA0A}"
EndProject
Project("{9A19103F-16F7-4668-BE54-9A1E7A4F7556}") = "lab_26_delegates", "lab_26_delegates\lab_26_delegates.csproj", "{0E5EE6FB-EA33-43E2-9736-25972353384D}"
EndProject
Project("{9A19103F-16F7-4668-BE54-9A1E7A4F7556}") = "lab_27_delegates", "lab_27_delegates\lab_27_delegates.csproj", "{B7C0FFC2-CC48-488B-9E85-CEC52C93427C}"
EndProject
Project("{9A19103F-16F7-4668-BE54-9A1E7A4F7556}") = "lab_28_lambda_delegates", "lab_28_lambda_delegates\lab_28_lambda_delegates.csproj", "{99A9323C-7051-46D4-A1F1-6DC0BFA2F8E4}"
EndProject
Project("{9A19103F-16F7-4668-BE54-9A1E7A4F7556}") = "lab_29_basic_events", "lab_29_basic_events\lab_29_basic_events.csproj", "{70B8FA08-B7D5-4A3A-AD4D-E638726DA944}"
EndProject
Project("{9A19103F-16F7-4668-BE54-9A1E7A4F7556}") = "lab_30_oop_events", "lab_30_oop_events\lab_30_oop_events.csproj", "{73F2068A-DD83-4261-9B87-BDE5CBB05E4F}"
EndProject
Project("{9A19103F-16F7-4668-BE54-9A1E7A4F7556}") = "lab_31_tasks", "lab_31_tasks\lab_31_tasks.csproj", "{1ADC1AAD-B6F4-453D-800A-38A4DC25899D}"
EndProject
Project("{9A19103F-16F7-4668-BE54-9A1E7A4F7556}") = "lab_32_task_arrays", "lab_32_task_arrays\lab_32_task_arrays.csproj", "{63F8E192-A6BB-491C-93C3-008B92BC578B}"
EndProject
Project("{9A19103F-16F7-4668-BE54-9A1E7A4F7556}") = "lab_33_task_parallel_processing", "lab_33_task_parallel_processing\lab_33_task_parallel_processing.csproj", "{63CE0A68-99AE-491F-B4AB-7B0E2F2C4756}"
EndProject
Project("{9A19103F-16F7-4668-BE54-9A1E7A4F7556}") = "lab_34_async_and_await", "lab_34_async_and_await\lab_34_async_and_await.csproj", "{5D7B425B-D67C-410A-AF68-89E290C9E444}"
EndProject
Project("{9A19103F-16F7-4668-BE54-9A1E7A4F7556}") = "lab_35_hw_async_task", "lab_35_hw_async_task\lab_35_hw_async_task.csproj", "{8284ECCC-614D-4148-AC95-9383263C6C7D}"
EndProject
Project("{9A19103F-16F7-4668-BE54-9A1E7A4F7556}") = "lab_36_http", "lab_36_http\lab_36_http.csproj", "{A6C611CD-2A29-45F9-BFD6-C29527F0B8B5}"
EndProject
Project("{9A19103F-16F7-4668-BE54-9A1E7A4F7556}") = "lab_37_http_deserilize", "lab_37_http_deserilize\lab_37_http_deserilize.csproj", "{502226F9-D764-4ED8-B852-E13739A331A2}"
EndProject
Project("{9A19103F-16F7-4668-BE54-9A1E7A4F7556}") = "lab_38_wpf_api", "lab_38_wpf_api\lab_38_wpf_api.csproj", "{E4A6418F-FC2A-4A1B-B977-A772295CD42A}"
EndProject
Project("{9A19103F-16F7-4668-BE54-9A1E7A4F7556}") = "gameDev_api", "lab_39_api_hw\gameDev_api.csproj", "{81F7E5D3-9BE9-42BF-9500-C5D4BB1EEFB7}"
EndProject
Project("{9A19103F-16F7-4668-BE54-9A1E7A4F7556}") = "northwind_entity-core", "northwind_entity-core\northwind_entity-core.csproj", "{33138E3D-CF23-4775-951F-D036323924F7}"
EndProject
Project("{9A19103F-16F7-4668-BE54-9A1E7A4F7556}") = "northwind_api_client", "northwind_api_client\northwind_api_client.csproj", "{D8E70C9C-09FF-4E44-933F-1C59ABA24BD2}"
EndProject
Project("{9A19103F-16F7-4668-BE54-9A1E7A4F7556}") = "gameDev_api_client", "gameDev_api_client\gameDev_api_client.csproj", "{DEB0382E-703B-4995-9960-912A19398683}"
EndProject
Project("{9A19103F-16F7-4668-BE54-9A1E7A4F7556}") = "gameDev_api_wpf", "gameDev_api_wpf\gameDev_api_wpf.csproj", "{1C7FF1B8-45D3-42A8-A652-6E4C5366FE2E}"
EndProject
Project("{9A19103F-16F7-4668-BE54-9A1E7A4F7556}") = "lab_39_api_code_first", "lab_39_api_code_first\lab_39_api_code_first.csproj", "{B4131BD8-37BF-401D-AFD8-22864AC7B31D}"
EndProject
Project("{9A19103F-16F7-4668-BE54-9A1E7A4F7556}") = "lab_40_entity_code_first", "lab_40_entity_code_first\lab_40_entity_code_first.csproj", "{DCE8F7A0-8D0D-4D3D-B227-0417355BDD18}"
EndProject
Project("{9A19103F-16F7-4668-BE54-9A1E7A4F7556}") = "lab_41_xml", "lab_41_xml\lab_41_xml.csproj", "{ECFD8F30-2074-4076-86A5-D265BFEF18B3}"
EndProject
Project("{9A19103F-16F7-4668-BE54-9A1E7A4F7556}") = "lab_42_xml_serilize", "lab_42_xml_serilize\lab_42_xml_serilize.csproj", "{A96ABC86-CD14-49F7-960C-B9943DC8DCD6}"
EndProject
Project("{9A19103F-16F7-4668-BE54-9A1E7A4F7556}") = "Code_first_hw", "Code_first_hw\Code_first_hw.csproj", "{48559B3E-7842-41CD-B119-7AC5A507C74A}"
EndProject
Project("{2150E333-8FDC-42A3-9474-1A3956D46DE8}") = "html-hello-world", "html-hello-world", "{CDF05B64-DBFC-4793-8853-64CCE3CE5230}"
	ProjectSection(SolutionItems) = preProject
		Index.html = Index.html
	EndProjectSection
EndProject
Project("{FAE04EC0-301F-11D3-BF4B-00C04F79EFBC}") = "Games_db_backend", "Games_db_backend\Games_db_backend.csproj", "{D2795A2F-4172-4D1A-9CE0-6507723F4B75}"
EndProject
Project("{9A19103F-16F7-4668-BE54-9A1E7A4F7556}") = "GameBackend", "GameBackend\GameBackend.csproj", "{93EB59D4-5BB5-46E6-B7F0-95956F49BC04}"
EndProject
Project("{9A19103F-16F7-4668-BE54-9A1E7A4F7556}") = "asp_mvc_demo", "asp_mvc_demo\asp_mvc_demo.csproj", "{4A0632DC-6ABA-4909-BF37-4D862C2C2254}"
EndProject
Project("{FAE04EC0-301F-11D3-BF4B-00C04F79EFBC}") = "lab_43_asp_framework_demo", "lab_43_asp_framework_demo\lab_43_asp_framework_demo.csproj", "{500312E0-9B7D-4287-A6A9-98151C4FE911}"
EndProject
Project("{9A19103F-16F7-4668-BE54-9A1E7A4F7556}") = "lab_44_asp_core_demo", "lab_44_asp_core_demo\lab_44_asp_core_demo.csproj", "{583862CF-7E9A-451D-99AF-794A4E67C31D}"
EndProject
Project("{9A19103F-16F7-4668-BE54-9A1E7A4F7556}") = "lab_45_asp_demo_2", "lab_45_asp_demo_2\lab_45_asp_demo_2.csproj", "{0A3A7CCE-5A3B-4EF1-A72A-6F0A993B5A9D}"
EndProject
Project("{9A19103F-16F7-4668-BE54-9A1E7A4F7556}") = "lab_46_asp_core_games", "lab_46_asp_core_games\lab_46_asp_core_games.csproj", "{1B2EE577-618A-42ED-8D70-513D53ADD387}"
EndProject
Project("{FAE04EC0-301F-11D3-BF4B-00C04F79EFBC}") = "lab_47_asp_core_mvc", "lab_47_asp_core_mvc\lab_47_asp_core_mvc.csproj", "{097D5642-8A06-4B8C-BB5F-93D17B0CC84E}"
EndProject
Project("{FAE04EC0-301F-11D3-BF4B-00C04F79EFBC}") = "lab_48_todo_app", "lab_48_todo_app\lab_48_todo_app.csproj", "{23E80FE1-956B-41A5-BA24-A5C96E54B5D3}"
EndProject
Global
	GlobalSection(SolutionConfigurationPlatforms) = preSolution
		Debug|Any CPU = Debug|Any CPU
		Release|Any CPU = Release|Any CPU
	EndGlobalSection
	GlobalSection(ProjectConfigurationPlatforms) = postSolution
		{A0D8055F-68C5-48B9-8764-CA2FB3DB0367}.Debug|Any CPU.ActiveCfg = Debug|Any CPU
		{A0D8055F-68C5-48B9-8764-CA2FB3DB0367}.Debug|Any CPU.Build.0 = Debug|Any CPU
		{A0D8055F-68C5-48B9-8764-CA2FB3DB0367}.Release|Any CPU.ActiveCfg = Release|Any CPU
		{A0D8055F-68C5-48B9-8764-CA2FB3DB0367}.Release|Any CPU.Build.0 = Release|Any CPU
		{CE91D845-3075-40A7-9C41-033D7F777D16}.Debug|Any CPU.ActiveCfg = Debug|Any CPU
		{CE91D845-3075-40A7-9C41-033D7F777D16}.Debug|Any CPU.Build.0 = Debug|Any CPU
		{CE91D845-3075-40A7-9C41-033D7F777D16}.Release|Any CPU.ActiveCfg = Release|Any CPU
		{CE91D845-3075-40A7-9C41-033D7F777D16}.Release|Any CPU.Build.0 = Release|Any CPU
		{7CC71252-B8F3-4D6C-B64B-67EA379601C7}.Debug|Any CPU.ActiveCfg = Debug|Any CPU
		{7CC71252-B8F3-4D6C-B64B-67EA379601C7}.Debug|Any CPU.Build.0 = Debug|Any CPU
		{7CC71252-B8F3-4D6C-B64B-67EA379601C7}.Release|Any CPU.ActiveCfg = Release|Any CPU
		{7CC71252-B8F3-4D6C-B64B-67EA379601C7}.Release|Any CPU.Build.0 = Release|Any CPU
		{012CCE28-FCDB-4A56-B159-C90F22655290}.Debug|Any CPU.ActiveCfg = Debug|Any CPU
		{012CCE28-FCDB-4A56-B159-C90F22655290}.Debug|Any CPU.Build.0 = Debug|Any CPU
		{012CCE28-FCDB-4A56-B159-C90F22655290}.Release|Any CPU.ActiveCfg = Release|Any CPU
		{012CCE28-FCDB-4A56-B159-C90F22655290}.Release|Any CPU.Build.0 = Release|Any CPU
		{DC1DFD4F-75A9-4237-A58B-86C13A93DE68}.Debug|Any CPU.ActiveCfg = Debug|Any CPU
		{DC1DFD4F-75A9-4237-A58B-86C13A93DE68}.Debug|Any CPU.Build.0 = Debug|Any CPU
		{DC1DFD4F-75A9-4237-A58B-86C13A93DE68}.Release|Any CPU.ActiveCfg = Release|Any CPU
		{DC1DFD4F-75A9-4237-A58B-86C13A93DE68}.Release|Any CPU.Build.0 = Release|Any CPU
		{3B9605CF-D61F-49FC-998C-6D6FAF4299A5}.Debug|Any CPU.ActiveCfg = Debug|Any CPU
		{3B9605CF-D61F-49FC-998C-6D6FAF4299A5}.Debug|Any CPU.Build.0 = Debug|Any CPU
		{3B9605CF-D61F-49FC-998C-6D6FAF4299A5}.Release|Any CPU.ActiveCfg = Release|Any CPU
		{3B9605CF-D61F-49FC-998C-6D6FAF4299A5}.Release|Any CPU.Build.0 = Release|Any CPU
		{F797DB4E-2C91-4D4D-A64A-C05647299B16}.Debug|Any CPU.ActiveCfg = Debug|Any CPU
		{F797DB4E-2C91-4D4D-A64A-C05647299B16}.Debug|Any CPU.Build.0 = Debug|Any CPU
		{F797DB4E-2C91-4D4D-A64A-C05647299B16}.Release|Any CPU.ActiveCfg = Release|Any CPU
		{F797DB4E-2C91-4D4D-A64A-C05647299B16}.Release|Any CPU.Build.0 = Release|Any CPU
		{7D96FECA-1B62-41B7-B930-EFF3568F76E2}.Debug|Any CPU.ActiveCfg = Debug|Any CPU
		{7D96FECA-1B62-41B7-B930-EFF3568F76E2}.Debug|Any CPU.Build.0 = Debug|Any CPU
		{7D96FECA-1B62-41B7-B930-EFF3568F76E2}.Release|Any CPU.ActiveCfg = Release|Any CPU
		{7D96FECA-1B62-41B7-B930-EFF3568F76E2}.Release|Any CPU.Build.0 = Release|Any CPU
		{6600EF6C-9717-4CCD-A5EA-42132E852736}.Debug|Any CPU.ActiveCfg = Debug|Any CPU
		{6600EF6C-9717-4CCD-A5EA-42132E852736}.Debug|Any CPU.Build.0 = Debug|Any CPU
		{6600EF6C-9717-4CCD-A5EA-42132E852736}.Release|Any CPU.ActiveCfg = Release|Any CPU
		{6600EF6C-9717-4CCD-A5EA-42132E852736}.Release|Any CPU.Build.0 = Release|Any CPU
		{966C5EE6-62F4-4284-8DAB-7943FEB7F455}.Debug|Any CPU.ActiveCfg = Debug|Any CPU
		{966C5EE6-62F4-4284-8DAB-7943FEB7F455}.Debug|Any CPU.Build.0 = Debug|Any CPU
		{966C5EE6-62F4-4284-8DAB-7943FEB7F455}.Release|Any CPU.ActiveCfg = Release|Any CPU
		{966C5EE6-62F4-4284-8DAB-7943FEB7F455}.Release|Any CPU.Build.0 = Release|Any CPU
		{72783532-5A59-4FF8-A22A-8B1914FD9E34}.Debug|Any CPU.ActiveCfg = Debug|Any CPU
		{72783532-5A59-4FF8-A22A-8B1914FD9E34}.Debug|Any CPU.Build.0 = Debug|Any CPU
		{72783532-5A59-4FF8-A22A-8B1914FD9E34}.Release|Any CPU.ActiveCfg = Release|Any CPU
		{72783532-5A59-4FF8-A22A-8B1914FD9E34}.Release|Any CPU.Build.0 = Release|Any CPU
		{A222A86C-D285-43E1-A8E7-72070E4592F2}.Debug|Any CPU.ActiveCfg = Debug|Any CPU
		{A222A86C-D285-43E1-A8E7-72070E4592F2}.Debug|Any CPU.Build.0 = Debug|Any CPU
		{A222A86C-D285-43E1-A8E7-72070E4592F2}.Release|Any CPU.ActiveCfg = Release|Any CPU
		{A222A86C-D285-43E1-A8E7-72070E4592F2}.Release|Any CPU.Build.0 = Release|Any CPU
		{4D105659-DC13-4113-B0E7-4FF09CE61FD2}.Debug|Any CPU.ActiveCfg = Debug|Any CPU
		{4D105659-DC13-4113-B0E7-4FF09CE61FD2}.Debug|Any CPU.Build.0 = Debug|Any CPU
		{4D105659-DC13-4113-B0E7-4FF09CE61FD2}.Release|Any CPU.ActiveCfg = Release|Any CPU
		{4D105659-DC13-4113-B0E7-4FF09CE61FD2}.Release|Any CPU.Build.0 = Release|Any CPU
		{3EFA8BC7-E57F-4483-99A0-FD23A341292D}.Debug|Any CPU.ActiveCfg = Debug|Any CPU
		{3EFA8BC7-E57F-4483-99A0-FD23A341292D}.Debug|Any CPU.Build.0 = Debug|Any CPU
		{3EFA8BC7-E57F-4483-99A0-FD23A341292D}.Release|Any CPU.ActiveCfg = Release|Any CPU
		{3EFA8BC7-E57F-4483-99A0-FD23A341292D}.Release|Any CPU.Build.0 = Release|Any CPU
		{1812F872-30A7-4CB9-8651-B1E659CFAFB5}.Debug|Any CPU.ActiveCfg = Debug|Any CPU
		{1812F872-30A7-4CB9-8651-B1E659CFAFB5}.Debug|Any CPU.Build.0 = Debug|Any CPU
		{1812F872-30A7-4CB9-8651-B1E659CFAFB5}.Release|Any CPU.ActiveCfg = Release|Any CPU
		{1812F872-30A7-4CB9-8651-B1E659CFAFB5}.Release|Any CPU.Build.0 = Release|Any CPU
		{025FE420-C319-40A0-AFCE-18B51F7E0068}.Debug|Any CPU.ActiveCfg = Debug|Any CPU
		{025FE420-C319-40A0-AFCE-18B51F7E0068}.Debug|Any CPU.Build.0 = Debug|Any CPU
		{025FE420-C319-40A0-AFCE-18B51F7E0068}.Release|Any CPU.ActiveCfg = Release|Any CPU
		{025FE420-C319-40A0-AFCE-18B51F7E0068}.Release|Any CPU.Build.0 = Release|Any CPU
		{B9B4AA41-DD67-4B4F-BA6E-F32A265357A9}.Debug|Any CPU.ActiveCfg = Debug|Any CPU
		{B9B4AA41-DD67-4B4F-BA6E-F32A265357A9}.Debug|Any CPU.Build.0 = Debug|Any CPU
		{B9B4AA41-DD67-4B4F-BA6E-F32A265357A9}.Release|Any CPU.ActiveCfg = Release|Any CPU
		{B9B4AA41-DD67-4B4F-BA6E-F32A265357A9}.Release|Any CPU.Build.0 = Release|Any CPU
		{FA156593-9DEE-4929-8096-F51B6D07B500}.Debug|Any CPU.ActiveCfg = Debug|Any CPU
		{FA156593-9DEE-4929-8096-F51B6D07B500}.Debug|Any CPU.Build.0 = Debug|Any CPU
		{FA156593-9DEE-4929-8096-F51B6D07B500}.Release|Any CPU.ActiveCfg = Release|Any CPU
		{FA156593-9DEE-4929-8096-F51B6D07B500}.Release|Any CPU.Build.0 = Release|Any CPU
		{C77318DC-354B-4ED7-B0CF-BCB48F46341F}.Debug|Any CPU.ActiveCfg = Debug|Any CPU
		{C77318DC-354B-4ED7-B0CF-BCB48F46341F}.Debug|Any CPU.Build.0 = Debug|Any CPU
		{C77318DC-354B-4ED7-B0CF-BCB48F46341F}.Release|Any CPU.ActiveCfg = Release|Any CPU
		{C77318DC-354B-4ED7-B0CF-BCB48F46341F}.Release|Any CPU.Build.0 = Release|Any CPU
		{165F57DC-83D1-47CC-AD2F-C2D571A11F30}.Debug|Any CPU.ActiveCfg = Debug|Any CPU
		{165F57DC-83D1-47CC-AD2F-C2D571A11F30}.Debug|Any CPU.Build.0 = Debug|Any CPU
		{165F57DC-83D1-47CC-AD2F-C2D571A11F30}.Release|Any CPU.ActiveCfg = Release|Any CPU
		{165F57DC-83D1-47CC-AD2F-C2D571A11F30}.Release|Any CPU.Build.0 = Release|Any CPU
		{B91AF435-FABD-4E56-BA71-92C2D9E82651}.Debug|Any CPU.ActiveCfg = Debug|Any CPU
		{B91AF435-FABD-4E56-BA71-92C2D9E82651}.Debug|Any CPU.Build.0 = Debug|Any CPU
		{B91AF435-FABD-4E56-BA71-92C2D9E82651}.Release|Any CPU.ActiveCfg = Release|Any CPU
		{B91AF435-FABD-4E56-BA71-92C2D9E82651}.Release|Any CPU.Build.0 = Release|Any CPU
		{57F7DB82-777C-482B-AEC4-155B186EC556}.Debug|Any CPU.ActiveCfg = Debug|Any CPU
		{57F7DB82-777C-482B-AEC4-155B186EC556}.Debug|Any CPU.Build.0 = Debug|Any CPU
		{57F7DB82-777C-482B-AEC4-155B186EC556}.Release|Any CPU.ActiveCfg = Release|Any CPU
		{57F7DB82-777C-482B-AEC4-155B186EC556}.Release|Any CPU.Build.0 = Release|Any CPU
		{2DCB5333-8E2A-4B45-8104-2F6A863577CC}.Debug|Any CPU.ActiveCfg = Debug|Any CPU
		{2DCB5333-8E2A-4B45-8104-2F6A863577CC}.Debug|Any CPU.Build.0 = Debug|Any CPU
		{2DCB5333-8E2A-4B45-8104-2F6A863577CC}.Release|Any CPU.ActiveCfg = Release|Any CPU
		{2DCB5333-8E2A-4B45-8104-2F6A863577CC}.Release|Any CPU.Build.0 = Release|Any CPU
		{F12580AF-F8DD-4696-9D61-6102F617CA0A}.Debug|Any CPU.ActiveCfg = Debug|Any CPU
		{F12580AF-F8DD-4696-9D61-6102F617CA0A}.Debug|Any CPU.Build.0 = Debug|Any CPU
		{F12580AF-F8DD-4696-9D61-6102F617CA0A}.Release|Any CPU.ActiveCfg = Release|Any CPU
		{F12580AF-F8DD-4696-9D61-6102F617CA0A}.Release|Any CPU.Build.0 = Release|Any CPU
		{0E5EE6FB-EA33-43E2-9736-25972353384D}.Debug|Any CPU.ActiveCfg = Debug|Any CPU
		{0E5EE6FB-EA33-43E2-9736-25972353384D}.Debug|Any CPU.Build.0 = Debug|Any CPU
		{0E5EE6FB-EA33-43E2-9736-25972353384D}.Release|Any CPU.ActiveCfg = Release|Any CPU
		{0E5EE6FB-EA33-43E2-9736-25972353384D}.Release|Any CPU.Build.0 = Release|Any CPU
		{B7C0FFC2-CC48-488B-9E85-CEC52C93427C}.Debug|Any CPU.ActiveCfg = Debug|Any CPU
		{B7C0FFC2-CC48-488B-9E85-CEC52C93427C}.Debug|Any CPU.Build.0 = Debug|Any CPU
		{B7C0FFC2-CC48-488B-9E85-CEC52C93427C}.Release|Any CPU.ActiveCfg = Release|Any CPU
		{B7C0FFC2-CC48-488B-9E85-CEC52C93427C}.Release|Any CPU.Build.0 = Release|Any CPU
		{99A9323C-7051-46D4-A1F1-6DC0BFA2F8E4}.Debug|Any CPU.ActiveCfg = Debug|Any CPU
		{99A9323C-7051-46D4-A1F1-6DC0BFA2F8E4}.Debug|Any CPU.Build.0 = Debug|Any CPU
		{99A9323C-7051-46D4-A1F1-6DC0BFA2F8E4}.Release|Any CPU.ActiveCfg = Release|Any CPU
		{99A9323C-7051-46D4-A1F1-6DC0BFA2F8E4}.Release|Any CPU.Build.0 = Release|Any CPU
		{70B8FA08-B7D5-4A3A-AD4D-E638726DA944}.Debug|Any CPU.ActiveCfg = Debug|Any CPU
		{70B8FA08-B7D5-4A3A-AD4D-E638726DA944}.Debug|Any CPU.Build.0 = Debug|Any CPU
		{70B8FA08-B7D5-4A3A-AD4D-E638726DA944}.Release|Any CPU.ActiveCfg = Release|Any CPU
		{70B8FA08-B7D5-4A3A-AD4D-E638726DA944}.Release|Any CPU.Build.0 = Release|Any CPU
		{73F2068A-DD83-4261-9B87-BDE5CBB05E4F}.Debug|Any CPU.ActiveCfg = Debug|Any CPU
		{73F2068A-DD83-4261-9B87-BDE5CBB05E4F}.Debug|Any CPU.Build.0 = Debug|Any CPU
		{73F2068A-DD83-4261-9B87-BDE5CBB05E4F}.Release|Any CPU.ActiveCfg = Release|Any CPU
		{73F2068A-DD83-4261-9B87-BDE5CBB05E4F}.Release|Any CPU.Build.0 = Release|Any CPU
		{1ADC1AAD-B6F4-453D-800A-38A4DC25899D}.Debug|Any CPU.ActiveCfg = Debug|Any CPU
		{1ADC1AAD-B6F4-453D-800A-38A4DC25899D}.Debug|Any CPU.Build.0 = Debug|Any CPU
		{1ADC1AAD-B6F4-453D-800A-38A4DC25899D}.Release|Any CPU.ActiveCfg = Release|Any CPU
		{1ADC1AAD-B6F4-453D-800A-38A4DC25899D}.Release|Any CPU.Build.0 = Release|Any CPU
		{63F8E192-A6BB-491C-93C3-008B92BC578B}.Debug|Any CPU.ActiveCfg = Debug|Any CPU
		{63F8E192-A6BB-491C-93C3-008B92BC578B}.Debug|Any CPU.Build.0 = Debug|Any CPU
		{63F8E192-A6BB-491C-93C3-008B92BC578B}.Release|Any CPU.ActiveCfg = Release|Any CPU
		{63F8E192-A6BB-491C-93C3-008B92BC578B}.Release|Any CPU.Build.0 = Release|Any CPU
		{63CE0A68-99AE-491F-B4AB-7B0E2F2C4756}.Debug|Any CPU.ActiveCfg = Debug|Any CPU
		{63CE0A68-99AE-491F-B4AB-7B0E2F2C4756}.Debug|Any CPU.Build.0 = Debug|Any CPU
		{63CE0A68-99AE-491F-B4AB-7B0E2F2C4756}.Release|Any CPU.ActiveCfg = Release|Any CPU
		{63CE0A68-99AE-491F-B4AB-7B0E2F2C4756}.Release|Any CPU.Build.0 = Release|Any CPU
		{5D7B425B-D67C-410A-AF68-89E290C9E444}.Debug|Any CPU.ActiveCfg = Debug|Any CPU
		{5D7B425B-D67C-410A-AF68-89E290C9E444}.Debug|Any CPU.Build.0 = Debug|Any CPU
		{5D7B425B-D67C-410A-AF68-89E290C9E444}.Release|Any CPU.ActiveCfg = Release|Any CPU
		{5D7B425B-D67C-410A-AF68-89E290C9E444}.Release|Any CPU.Build.0 = Release|Any CPU
		{8284ECCC-614D-4148-AC95-9383263C6C7D}.Debug|Any CPU.ActiveCfg = Debug|Any CPU
		{8284ECCC-614D-4148-AC95-9383263C6C7D}.Debug|Any CPU.Build.0 = Debug|Any CPU
		{8284ECCC-614D-4148-AC95-9383263C6C7D}.Release|Any CPU.ActiveCfg = Release|Any CPU
		{8284ECCC-614D-4148-AC95-9383263C6C7D}.Release|Any CPU.Build.0 = Release|Any CPU
		{A6C611CD-2A29-45F9-BFD6-C29527F0B8B5}.Debug|Any CPU.ActiveCfg = Debug|Any CPU
		{A6C611CD-2A29-45F9-BFD6-C29527F0B8B5}.Debug|Any CPU.Build.0 = Debug|Any CPU
		{A6C611CD-2A29-45F9-BFD6-C29527F0B8B5}.Release|Any CPU.ActiveCfg = Release|Any CPU
		{A6C611CD-2A29-45F9-BFD6-C29527F0B8B5}.Release|Any CPU.Build.0 = Release|Any CPU
		{502226F9-D764-4ED8-B852-E13739A331A2}.Debug|Any CPU.ActiveCfg = Debug|Any CPU
		{502226F9-D764-4ED8-B852-E13739A331A2}.Debug|Any CPU.Build.0 = Debug|Any CPU
		{502226F9-D764-4ED8-B852-E13739A331A2}.Release|Any CPU.ActiveCfg = Release|Any CPU
		{502226F9-D764-4ED8-B852-E13739A331A2}.Release|Any CPU.Build.0 = Release|Any CPU
		{E4A6418F-FC2A-4A1B-B977-A772295CD42A}.Debug|Any CPU.ActiveCfg = Debug|Any CPU
		{E4A6418F-FC2A-4A1B-B977-A772295CD42A}.Debug|Any CPU.Build.0 = Debug|Any CPU
		{E4A6418F-FC2A-4A1B-B977-A772295CD42A}.Release|Any CPU.ActiveCfg = Release|Any CPU
		{E4A6418F-FC2A-4A1B-B977-A772295CD42A}.Release|Any CPU.Build.0 = Release|Any CPU
		{81F7E5D3-9BE9-42BF-9500-C5D4BB1EEFB7}.Debug|Any CPU.ActiveCfg = Debug|Any CPU
		{81F7E5D3-9BE9-42BF-9500-C5D4BB1EEFB7}.Debug|Any CPU.Build.0 = Debug|Any CPU
		{81F7E5D3-9BE9-42BF-9500-C5D4BB1EEFB7}.Release|Any CPU.ActiveCfg = Release|Any CPU
		{81F7E5D3-9BE9-42BF-9500-C5D4BB1EEFB7}.Release|Any CPU.Build.0 = Release|Any CPU
		{33138E3D-CF23-4775-951F-D036323924F7}.Debug|Any CPU.ActiveCfg = Debug|Any CPU
		{33138E3D-CF23-4775-951F-D036323924F7}.Debug|Any CPU.Build.0 = Debug|Any CPU
		{33138E3D-CF23-4775-951F-D036323924F7}.Release|Any CPU.ActiveCfg = Release|Any CPU
		{33138E3D-CF23-4775-951F-D036323924F7}.Release|Any CPU.Build.0 = Release|Any CPU
		{D8E70C9C-09FF-4E44-933F-1C59ABA24BD2}.Debug|Any CPU.ActiveCfg = Debug|Any CPU
		{D8E70C9C-09FF-4E44-933F-1C59ABA24BD2}.Debug|Any CPU.Build.0 = Debug|Any CPU
		{D8E70C9C-09FF-4E44-933F-1C59ABA24BD2}.Release|Any CPU.ActiveCfg = Release|Any CPU
		{D8E70C9C-09FF-4E44-933F-1C59ABA24BD2}.Release|Any CPU.Build.0 = Release|Any CPU
		{DEB0382E-703B-4995-9960-912A19398683}.Debug|Any CPU.ActiveCfg = Debug|Any CPU
		{DEB0382E-703B-4995-9960-912A19398683}.Debug|Any CPU.Build.0 = Debug|Any CPU
		{DEB0382E-703B-4995-9960-912A19398683}.Release|Any CPU.ActiveCfg = Release|Any CPU
		{DEB0382E-703B-4995-9960-912A19398683}.Release|Any CPU.Build.0 = Release|Any CPU
		{1C7FF1B8-45D3-42A8-A652-6E4C5366FE2E}.Debug|Any CPU.ActiveCfg = Debug|Any CPU
		{1C7FF1B8-45D3-42A8-A652-6E4C5366FE2E}.Debug|Any CPU.Build.0 = Debug|Any CPU
		{1C7FF1B8-45D3-42A8-A652-6E4C5366FE2E}.Release|Any CPU.ActiveCfg = Release|Any CPU
		{1C7FF1B8-45D3-42A8-A652-6E4C5366FE2E}.Release|Any CPU.Build.0 = Release|Any CPU
		{B4131BD8-37BF-401D-AFD8-22864AC7B31D}.Debug|Any CPU.ActiveCfg = Debug|Any CPU
		{B4131BD8-37BF-401D-AFD8-22864AC7B31D}.Debug|Any CPU.Build.0 = Debug|Any CPU
		{B4131BD8-37BF-401D-AFD8-22864AC7B31D}.Release|Any CPU.ActiveCfg = Release|Any CPU
		{B4131BD8-37BF-401D-AFD8-22864AC7B31D}.Release|Any CPU.Build.0 = Release|Any CPU
		{DCE8F7A0-8D0D-4D3D-B227-0417355BDD18}.Debug|Any CPU.ActiveCfg = Debug|Any CPU
		{DCE8F7A0-8D0D-4D3D-B227-0417355BDD18}.Debug|Any CPU.Build.0 = Debug|Any CPU
		{DCE8F7A0-8D0D-4D3D-B227-0417355BDD18}.Release|Any CPU.ActiveCfg = Release|Any CPU
		{DCE8F7A0-8D0D-4D3D-B227-0417355BDD18}.Release|Any CPU.Build.0 = Release|Any CPU
		{ECFD8F30-2074-4076-86A5-D265BFEF18B3}.Debug|Any CPU.ActiveCfg = Debug|Any CPU
		{ECFD8F30-2074-4076-86A5-D265BFEF18B3}.Debug|Any CPU.Build.0 = Debug|Any CPU
		{ECFD8F30-2074-4076-86A5-D265BFEF18B3}.Release|Any CPU.ActiveCfg = Release|Any CPU
		{ECFD8F30-2074-4076-86A5-D265BFEF18B3}.Release|Any CPU.Build.0 = Release|Any CPU
		{A96ABC86-CD14-49F7-960C-B9943DC8DCD6}.Debug|Any CPU.ActiveCfg = Debug|Any CPU
		{A96ABC86-CD14-49F7-960C-B9943DC8DCD6}.Debug|Any CPU.Build.0 = Debug|Any CPU
		{A96ABC86-CD14-49F7-960C-B9943DC8DCD6}.Release|Any CPU.ActiveCfg = Release|Any CPU
		{A96ABC86-CD14-49F7-960C-B9943DC8DCD6}.Release|Any CPU.Build.0 = Release|Any CPU
		{48559B3E-7842-41CD-B119-7AC5A507C74A}.Debug|Any CPU.ActiveCfg = Debug|Any CPU
		{48559B3E-7842-41CD-B119-7AC5A507C74A}.Debug|Any CPU.Build.0 = Debug|Any CPU
		{48559B3E-7842-41CD-B119-7AC5A507C74A}.Release|Any CPU.ActiveCfg = Release|Any CPU
		{48559B3E-7842-41CD-B119-7AC5A507C74A}.Release|Any CPU.Build.0 = Release|Any CPU
		{D2795A2F-4172-4D1A-9CE0-6507723F4B75}.Debug|Any CPU.ActiveCfg = Debug|Any CPU
		{D2795A2F-4172-4D1A-9CE0-6507723F4B75}.Debug|Any CPU.Build.0 = Debug|Any CPU
		{D2795A2F-4172-4D1A-9CE0-6507723F4B75}.Release|Any CPU.ActiveCfg = Release|Any CPU
		{D2795A2F-4172-4D1A-9CE0-6507723F4B75}.Release|Any CPU.Build.0 = Release|Any CPU
		{93EB59D4-5BB5-46E6-B7F0-95956F49BC04}.Debug|Any CPU.ActiveCfg = Debug|Any CPU
		{93EB59D4-5BB5-46E6-B7F0-95956F49BC04}.Debug|Any CPU.Build.0 = Debug|Any CPU
		{93EB59D4-5BB5-46E6-B7F0-95956F49BC04}.Release|Any CPU.ActiveCfg = Release|Any CPU
		{93EB59D4-5BB5-46E6-B7F0-95956F49BC04}.Release|Any CPU.Build.0 = Release|Any CPU
		{4A0632DC-6ABA-4909-BF37-4D862C2C2254}.Debug|Any CPU.ActiveCfg = Debug|Any CPU
		{4A0632DC-6ABA-4909-BF37-4D862C2C2254}.Debug|Any CPU.Build.0 = Debug|Any CPU
		{4A0632DC-6ABA-4909-BF37-4D862C2C2254}.Release|Any CPU.ActiveCfg = Release|Any CPU
		{4A0632DC-6ABA-4909-BF37-4D862C2C2254}.Release|Any CPU.Build.0 = Release|Any CPU
		{500312E0-9B7D-4287-A6A9-98151C4FE911}.Debug|Any CPU.ActiveCfg = Debug|Any CPU
		{500312E0-9B7D-4287-A6A9-98151C4FE911}.Debug|Any CPU.Build.0 = Debug|Any CPU
		{500312E0-9B7D-4287-A6A9-98151C4FE911}.Release|Any CPU.ActiveCfg = Release|Any CPU
		{500312E0-9B7D-4287-A6A9-98151C4FE911}.Release|Any CPU.Build.0 = Release|Any CPU
		{583862CF-7E9A-451D-99AF-794A4E67C31D}.Debug|Any CPU.ActiveCfg = Debug|Any CPU
		{583862CF-7E9A-451D-99AF-794A4E67C31D}.Debug|Any CPU.Build.0 = Debug|Any CPU
		{583862CF-7E9A-451D-99AF-794A4E67C31D}.Release|Any CPU.ActiveCfg = Release|Any CPU
		{583862CF-7E9A-451D-99AF-794A4E67C31D}.Release|Any CPU.Build.0 = Release|Any CPU
		{0A3A7CCE-5A3B-4EF1-A72A-6F0A993B5A9D}.Debug|Any CPU.ActiveCfg = Debug|Any CPU
		{0A3A7CCE-5A3B-4EF1-A72A-6F0A993B5A9D}.Debug|Any CPU.Build.0 = Debug|Any CPU
		{0A3A7CCE-5A3B-4EF1-A72A-6F0A993B5A9D}.Release|Any CPU.ActiveCfg = Release|Any CPU
		{0A3A7CCE-5A3B-4EF1-A72A-6F0A993B5A9D}.Release|Any CPU.Build.0 = Release|Any CPU
		{1B2EE577-618A-42ED-8D70-513D53ADD387}.Debug|Any CPU.ActiveCfg = Debug|Any CPU
		{1B2EE577-618A-42ED-8D70-513D53ADD387}.Debug|Any CPU.Build.0 = Debug|Any CPU
		{1B2EE577-618A-42ED-8D70-513D53ADD387}.Release|Any CPU.ActiveCfg = Release|Any CPU
		{1B2EE577-618A-42ED-8D70-513D53ADD387}.Release|Any CPU.Build.0 = Release|Any CPU
		{097D5642-8A06-4B8C-BB5F-93D17B0CC84E}.Debug|Any CPU.ActiveCfg = Debug|Any CPU
		{097D5642-8A06-4B8C-BB5F-93D17B0CC84E}.Debug|Any CPU.Build.0 = Debug|Any CPU
		{097D5642-8A06-4B8C-BB5F-93D17B0CC84E}.Release|Any CPU.ActiveCfg = Release|Any CPU
		{097D5642-8A06-4B8C-BB5F-93D17B0CC84E}.Release|Any CPU.Build.0 = Release|Any CPU
		{23E80FE1-956B-41A5-BA24-A5C96E54B5D3}.Debug|Any CPU.ActiveCfg = Debug|Any CPU
		{23E80FE1-956B-41A5-BA24-A5C96E54B5D3}.Debug|Any CPU.Build.0 = Debug|Any CPU
		{23E80FE1-956B-41A5-BA24-A5C96E54B5D3}.Release|Any CPU.ActiveCfg = Release|Any CPU
		{23E80FE1-956B-41A5-BA24-A5C96E54B5D3}.Release|Any CPU.Build.0 = Release|Any CPU
	EndGlobalSection
	GlobalSection(SolutionProperties) = preSolution
		HideSolutionNode = FALSE
	EndGlobalSection
	GlobalSection(ExtensibilityGlobals) = postSolution
		SolutionGuid = {36C54603-9AEC-46C3-80BF-F5700A64E735}
	EndGlobalSection
EndGlobal
